
Microsoft Visual Studio Solution File, Format Version 12.00
# Visual Studio 14
VisualStudioVersion = 14.0.25123.0
MinimumVisualStudioVersion = 10.0.40219.1
Project("{FAE04EC0-301F-11D3-BF4B-00C04F79EFBC}") = "Synology", "Synology\Synology.csproj", "{DEFD33FE-74DA-4938-AD97-5D559B9F0CCA}"
EndProject
Project("{2150E333-8FDC-42A3-9474-1A3956D46DE8}") = "Yml", "Yml", "{7546B616-9319-4BF6-BB9C-864ADCA98837}"
	ProjectSection(SolutionItems) = preProject
		appveyor.yml = appveyor.yml
	EndProjectSection
EndProject
Project("{FAE04EC0-301F-11D3-BF4B-00C04F79EFBC}") = "Synology.Api", "Synology.Api\Synology.Api.csproj", "{12426522-8068-47C7-A704-A9A6726C3C9E}"
EndProject
Project("{FAE04EC0-301F-11D3-BF4B-00C04F79EFBC}") = "Synology.DownloadStation", "Synology.DownloadStation\Synology.DownloadStation.csproj", "{41273533-319E-49BC-A4DC-9B838DF0AF37}"
EndProject
Project("{FAE04EC0-301F-11D3-BF4B-00C04F79EFBC}") = "Synology.FileStation", "Synology.FileStation\Synology.FileStation.csproj", "{BFCC3C3D-4D75-4C45-A007-D1F8388FBCCE}"
EndProject
Project("{FAE04EC0-301F-11D3-BF4B-00C04F79EFBC}") = "Synology.Tests", "Synology.Tests\Synology.Tests.csproj", "{461410D3-5F09-4187-ADFA-E3881E505CB2}"
EndProject
Project("{FAE04EC0-301F-11D3-BF4B-00C04F79EFBC}") = "Synology.DownloadStation2", "Synology.DownloadStation2\Synology.DownloadStation2.csproj", "{AE8B626D-B128-4780-B9D2-41B1F626EA57}"
EndProject
Project("{FAE04EC0-301F-11D3-BF4B-00C04F79EFBC}") = "Synology.SurveillanceStation", "Synology.SurveillanceStation\Synology.SurveillanceStation.csproj", "{CFA989C5-57B2-465F-86B8-2B54AA674B8F}"
EndProject
Global
	GlobalSection(SolutionConfigurationPlatforms) = preSolution
		Debug|Any CPU = Debug|Any CPU
		Release|Any CPU = Release|Any CPU
	EndGlobalSection
	GlobalSection(ProjectConfigurationPlatforms) = postSolution
		{DEFD33FE-74DA-4938-AD97-5D559B9F0CCA}.Debug|Any CPU.ActiveCfg = Debug|Any CPU
		{DEFD33FE-74DA-4938-AD97-5D559B9F0CCA}.Debug|Any CPU.Build.0 = Debug|Any CPU
		{DEFD33FE-74DA-4938-AD97-5D559B9F0CCA}.Release|Any CPU.ActiveCfg = Release|Any CPU
		{DEFD33FE-74DA-4938-AD97-5D559B9F0CCA}.Release|Any CPU.Build.0 = Release|Any CPU
		{12426522-8068-47C7-A704-A9A6726C3C9E}.Debug|Any CPU.ActiveCfg = Debug|Any CPU
		{12426522-8068-47C7-A704-A9A6726C3C9E}.Debug|Any CPU.Build.0 = Debug|Any CPU
		{12426522-8068-47C7-A704-A9A6726C3C9E}.Release|Any CPU.ActiveCfg = Release|Any CPU
		{12426522-8068-47C7-A704-A9A6726C3C9E}.Release|Any CPU.Build.0 = Release|Any CPU
		{41273533-319E-49BC-A4DC-9B838DF0AF37}.Debug|Any CPU.ActiveCfg = Debug|Any CPU
		{41273533-319E-49BC-A4DC-9B838DF0AF37}.Debug|Any CPU.Build.0 = Debug|Any CPU
		{41273533-319E-49BC-A4DC-9B838DF0AF37}.Release|Any CPU.ActiveCfg = Release|Any CPU
		{41273533-319E-49BC-A4DC-9B838DF0AF37}.Release|Any CPU.Build.0 = Release|Any CPU
		{BFCC3C3D-4D75-4C45-A007-D1F8388FBCCE}.Debug|Any CPU.ActiveCfg = Debug|Any CPU
		{BFCC3C3D-4D75-4C45-A007-D1F8388FBCCE}.Debug|Any CPU.Build.0 = Debug|Any CPU
		{BFCC3C3D-4D75-4C45-A007-D1F8388FBCCE}.Release|Any CPU.ActiveCfg = Release|Any CPU
		{BFCC3C3D-4D75-4C45-A007-D1F8388FBCCE}.Release|Any CPU.Build.0 = Release|Any CPU
		{461410D3-5F09-4187-ADFA-E3881E505CB2}.Debug|Any CPU.ActiveCfg = Debug|Any CPU
		{461410D3-5F09-4187-ADFA-E3881E505CB2}.Debug|Any CPU.Build.0 = Debug|Any CPU
		{461410D3-5F09-4187-ADFA-E3881E505CB2}.Release|Any CPU.ActiveCfg = Release|Any CPU
		{461410D3-5F09-4187-ADFA-E3881E505CB2}.Release|Any CPU.Build.0 = Release|Any CPU
		{AE8B626D-B128-4780-B9D2-41B1F626EA57}.Debug|Any CPU.ActiveCfg = Debug|Any CPU
		{AE8B626D-B128-4780-B9D2-41B1F626EA57}.Debug|Any CPU.Build.0 = Debug|Any CPU
		{AE8B626D-B128-4780-B9D2-41B1F626EA57}.Release|Any CPU.ActiveCfg = Release|Any CPU
		{AE8B626D-B128-4780-B9D2-41B1F626EA57}.Release|Any CPU.Build.0 = Release|Any CPU
		{CFA989C5-57B2-465F-86B8-2B54AA674B8F}.Debug|Any CPU.ActiveCfg = Debug|Any CPU
		{CFA989C5-57B2-465F-86B8-2B54AA674B8F}.Debug|Any CPU.Build.0 = Debug|Any CPU
		{CFA989C5-57B2-465F-86B8-2B54AA674B8F}.Release|Any CPU.ActiveCfg = Release|Any CPU
		{CFA989C5-57B2-465F-86B8-2B54AA674B8F}.Release|Any CPU.Build.0 = Release|Any CPU
	EndGlobalSection
	GlobalSection(SolutionProperties) = preSolution
		HideSolutionNode = FALSE
	EndGlobalSection
EndGlobal
