
Microsoft Visual Studio Solution File, Format Version 12.00
# Visual Studio 2012
Project("{FAE04EC0-301F-11D3-BF4B-00C04F79EFBC}") = "Synology", "Synology\Synology.csproj", "{DEFD33FE-74DA-4938-AD97-5D559B9F0CCA}"
EndProject
Global
	GlobalSection(SolutionConfigurationPlatforms) = preSolution
		Debug|Any CPU = Debug|Any CPU
		Release|Any CPU = Release|Any CPU
	EndGlobalSection
	GlobalSection(ProjectConfigurationPlatforms) = postSolution
		{DEFD33FE-74DA-4938-AD97-5D559B9F0CCA}.Debug|Any CPU.ActiveCfg = Debug|Any CPU
		{DEFD33FE-74DA-4938-AD97-5D559B9F0CCA}.Debug|Any CPU.Build.0 = Debug|Any CPU
		{DEFD33FE-74DA-4938-AD97-5D559B9F0CCA}.Release|Any CPU.ActiveCfg = Release|Any CPU
		{DEFD33FE-74DA-4938-AD97-5D559B9F0CCA}.Release|Any CPU.Build.0 = Release|Any CPU
	EndGlobalSection
EndGlobal
